// !$*UTF8*$!
{
	archiveVersion = 1;
	classes = {
	};
	objectVersion = 46;
	objects = {

/* Begin PBXBuildFile section */
		B4A348221ECBA69300322B98 /* AppDelegate.swift in Sources */ = {isa = PBXBuildFile; fileRef = B4A348211ECBA69300322B98 /* AppDelegate.swift */; };
		B4A348241ECBA69300322B98 /* ViewController.swift in Sources */ = {isa = PBXBuildFile; fileRef = B4A348231ECBA69300322B98 /* ViewController.swift */; };
		B4A348271ECBA69300322B98 /* Main.storyboard in Resources */ = {isa = PBXBuildFile; fileRef = B4A348251ECBA69300322B98 /* Main.storyboard */; };
		B4A3482A1ECBA69300322B98 /* todo.xcdatamodeld in Sources */ = {isa = PBXBuildFile; fileRef = B4A348281ECBA69300322B98 /* todo.xcdatamodeld */; };
		B4A3482C1ECBA69300322B98 /* Assets.xcassets in Resources */ = {isa = PBXBuildFile; fileRef = B4A3482B1ECBA69300322B98 /* Assets.xcassets */; };
		B4A3482F1ECBA69300322B98 /* LaunchScreen.storyboard in Resources */ = {isa = PBXBuildFile; fileRef = B4A3482D1ECBA69300322B98 /* LaunchScreen.storyboard */; };
/* End PBXBuildFile section */

/* Begin PBXFileReference section */
		B4A3481E1ECBA69300322B98 /* todo.app */ = {isa = PBXFileReference; explicitFileType = wrapper.application; includeInIndex = 0; path = todo.app; sourceTree = BUILT_PRODUCTS_DIR; };
		B4A348211ECBA69300322B98 /* AppDelegate.swift */ = {isa = PBXFileReference; lastKnownFileType = sourcecode.swift; path = AppDelegate.swift; sourceTree = "<group>"; };
		B4A348231ECBA69300322B98 /* ViewController.swift */ = {isa = PBXFileReference; lastKnownFileType = sourcecode.swift; path = ViewController.swift; sourceTree = "<group>"; };
		B4A348261ECBA69300322B98 /* Base */ = {isa = PBXFileReference; lastKnownFileType = file.storyboard; name = Base; path = Base.lproj/Main.storyboard; sourceTree = "<group>"; };
		B4A348291ECBA69300322B98 /* todo.xcdatamodel */ = {isa = PBXFileReference; lastKnownFileType = wrapper.xcdatamodel; path = todo.xcdatamodel; sourceTree = "<group>"; };
		B4A3482B1ECBA69300322B98 /* Assets.xcassets */ = {isa = PBXFileReference; lastKnownFileType = folder.assetcatalog; path = Assets.xcassets; sourceTree = "<group>"; };
		B4A3482E1ECBA69300322B98 /* Base */ = {isa = PBXFileReference; lastKnownFileType = file.storyboard; name = Base; path = Base.lproj/LaunchScreen.storyboard; sourceTree = "<group>"; };
		B4A348301ECBA69300322B98 /* Info.plist */ = {isa = PBXFileReference; lastKnownFileType = text.plist.xml; path = Info.plist; sourceTree = "<group>"; };
/* End PBXFileReference section */

/* Begin PBXFrameworksBuildPhase section */
		B4A3481B1ECBA69200322B98 /* Frameworks */ = {
			isa = PBXFrameworksBuildPhase;
			buildActionMask = 2147483647;
			files = (
			);
			runOnlyForDeploymentPostprocessing = 0;
		};
/* End PBXFrameworksBuildPhase section */

/* Begin PBXGroup section */
		B4A348151ECBA69200322B98 = {
			isa = PBXGroup;
			children = (
				B4A348201ECBA69300322B98 /* todo */,
				B4A3481F1ECBA69300322B98 /* Products */,
			);
			sourceTree = "<group>";
		};
		B4A3481F1ECBA69300322B98 /* Products */ = {
			isa = PBXGroup;
			children = (
				B4A3481E1ECBA69300322B98 /* todo.app */,
			);
			name = Products;
			sourceTree = "<group>";
		};
		B4A348201ECBA69300322B98 /* todo */ = {
			isa = PBXGroup;
			children = (
				B4A348211ECBA69300322B98 /* AppDelegate.swift */,
				B4A348231ECBA69300322B98 /* ViewController.swift */,
				B4A348251ECBA69300322B98 /* Main.storyboard */,
				B4A3482B1ECBA69300322B98 /* Assets.xcassets */,
				B4A3482D1ECBA69300322B98 /* LaunchScreen.storyboard */,
				B4A348301ECBA69300322B98 /* Info.plist */,
				B4A348281ECBA69300322B98 /* todo.xcdatamodeld */,
			);
			path = todo;
			sourceTree = "<group>";
		};
/* End PBXGroup section */

/* Begin PBXNativeTarget section */
		B4A3481D1ECBA69200322B98 /* todo */ = {
			isa = PBXNativeTarget;
			buildConfigurationList = B4A348331ECBA69300322B98 /* Build configuration list for PBXNativeTarget "todo" */;
			buildPhases = (
				B4A3481A1ECBA69200322B98 /* Sources */,
				B4A3481B1ECBA69200322B98 /* Frameworks */,
				B4A3481C1ECBA69200322B98 /* Resources */,
			);
			buildRules = (
			);
			dependencies = (
			);
			name = todo;
			productName = todo;
			productReference = B4A3481E1ECBA69300322B98 /* todo.app */;
			productType = "com.apple.product-type.application";
		};
/* End PBXNativeTarget section */

/* Begin PBXProject section */
		B4A348161ECBA69200322B98 /* Project object */ = {
			isa = PBXProject;
			attributes = {
				LastSwiftUpdateCheck = 0820;
				LastUpgradeCheck = 0820;
				ORGANIZATIONNAME = "Mark Miranda";
				TargetAttributes = {
					B4A3481D1ECBA69200322B98 = {
						CreatedOnToolsVersion = 8.2.1;
						DevelopmentTeam = 4XQSAD3UT9;
						ProvisioningStyle = Automatic;
					};
				};
			};
			buildConfigurationList = B4A348191ECBA69200322B98 /* Build configuration list for PBXProject "todo" */;
			compatibilityVersion = "Xcode 3.2";
			developmentRegion = English;
			hasScannedForEncodings = 0;
			knownRegions = (
				en,
				Base,
			);
			mainGroup = B4A348151ECBA69200322B98;
			productRefGroup = B4A3481F1ECBA69300322B98 /* Products */;
			projectDirPath = "";
			projectRoot = "";
			targets = (
				B4A3481D1ECBA69200322B98 /* todo */,
			);
		};
/* End PBXProject section */

/* Begin PBXResourcesBuildPhase section */
		B4A3481C1ECBA69200322B98 /* Resources */ = {
			isa = PBXResourcesBuildPhase;
			buildActionMask = 2147483647;
			files = (
				B4A3482F1ECBA69300322B98 /* LaunchScreen.storyboard in Resources */,
				B4A3482C1ECBA69300322B98 /* Assets.xcassets in Resources */,
				B4A348271ECBA69300322B98 /* Main.storyboard in Resources */,
			);
			runOnlyForDeploymentPostprocessing = 0;
		};
/* End PBXResourcesBuildPhase section */

/* Begin PBXSourcesBuildPhase section */
		B4A3481A1ECBA69200322B98 /* Sources */ = {
			isa = PBXSourcesBuildPhase;
			buildActionMask = 2147483647;
			files = (
				B4A348241ECBA69300322B98 /* ViewController.swift in Sources */,
				B4A348221ECBA69300322B98 /* AppDelegate.swift in Sources */,
				B4A3482A1ECBA69300322B98 /* todo.xcdatamodeld in Sources */,
			);
			runOnlyForDeploymentPostprocessing = 0;
		};
/* End PBXSourcesBuildPhase section */

/* Begin PBXVariantGroup section */
		B4A348251ECBA69300322B98 /* Main.storyboard */ = {
			isa = PBXVariantGroup;
			children = (
				B4A348261ECBA69300322B98 /* Base */,
			);
			name = Main.storyboard;
			sourceTree = "<group>";
		};
		B4A3482D1ECBA69300322B98 /* LaunchScreen.storyboard */ = {
			isa = PBXVariantGroup;
			children = (
				B4A3482E1ECBA69300322B98 /* Base */,
			);
			name = LaunchScreen.storyboard;
			sourceTree = "<group>";
		};
/* End PBXVariantGroup section */

/* Begin XCBuildConfiguration section */
		B4A348311ECBA69300322B98 /* Debug */ = {
			isa = XCBuildConfiguration;
			buildSettings = {
				ALWAYS_SEARCH_USER_PATHS = NO;
				CLANG_ANALYZER_NONNULL = YES;
				CLANG_CXX_LANGUAGE_STANDARD = "gnu++0x";
				CLANG_CXX_LIBRARY = "libc++";
				CLANG_ENABLE_MODULES = YES;
				CLANG_ENABLE_OBJC_ARC = YES;
				CLANG_WARN_BOOL_CONVERSION = YES;
				CLANG_WARN_CONSTANT_CONVERSION = YES;
				CLANG_WARN_DIRECT_OBJC_ISA_USAGE = YES_ERROR;
				CLANG_WARN_DOCUMENTATION_COMMENTS = YES;
				CLANG_WARN_EMPTY_BODY = YES;
				CLANG_WARN_ENUM_CONVERSION = YES;
				CLANG_WARN_INFINITE_RECURSION = YES;
				CLANG_WARN_INT_CONVERSION = YES;
				CLANG_WARN_OBJC_ROOT_CLASS = YES_ERROR;
				CLANG_WARN_SUSPICIOUS_MOVE = YES;
				CLANG_WARN_UNREACHABLE_CODE = YES;
				CLANG_WARN__DUPLICATE_METHOD_MATCH = YES;
				"CODE_SIGN_IDENTITY[sdk=iphoneos*]" = "iPhone Developer";
				COPY_PHASE_STRIP = NO;
				DEBUG_INFORMATION_FORMAT = dwarf;
				ENABLE_STRICT_OBJC_MSGSEND = YES;
				ENABLE_TESTABILITY = YES;
				GCC_C_LANGUAGE_STANDARD = gnu99;
				GCC_DYNAMIC_NO_PIC = NO;
				GCC_NO_COMMON_BLOCKS = YES;
				GCC_OPTIMIZATION_LEVEL = 0;
				GCC_PREPROCESSOR_DEFINITIONS = (
					"DEBUG=1",
					"$(inherited)",
				);
				GCC_WARN_64_TO_32_BIT_CONVERSION = YES;
				GCC_WARN_ABOUT_RETURN_TYPE = YES_ERROR;
				GCC_WARN_UNDECLARED_SELECTOR = YES;
				GCC_WARN_UNINITIALIZED_AUTOS = YES_AGGRESSIVE;
				GCC_WARN_UNUSED_FUNCTION = YES;
				GCC_WARN_UNUSED_VARIABLE = YES;
				IPHONEOS_DEPLOYMENT_TARGET = 10.2;
				MTL_ENABLE_DEBUG_INFO = YES;
				ONLY_ACTIVE_ARCH = YES;
				SDKROOT = iphoneos;
				SWIFT_ACTIVE_COMPILATION_CONDITIONS = DEBUG;
				SWIFT_OPTIMIZATION_LEVEL = "-Onone";
			};
			name = Debug;
		};
		B4A348321ECBA69300322B98 /* Release */ = {
			isa = XCBuildConfiguration;
			buildSettings = {
				ALWAYS_SEARCH_USER_PATHS = NO;
				CLANG_ANALYZER_NONNULL = YES;
				CLANG_CXX_LANGUAGE_STANDARD = "gnu++0x";
				CLANG_CXX_LIBRARY = "libc++";
				CLANG_ENABLE_MODULES = YES;
				CLANG_ENABLE_OBJC_ARC = YES;
				CLANG_WARN_BOOL_CONVERSION = YES;
				CLANG_WARN_CONSTANT_CONVERSION = YES;
				CLANG_WARN_DIRECT_OBJC_ISA_USAGE = YES_ERROR;
				CLANG_WARN_DOCUMENTATION_COMMENTS = YES;
				CLANG_WARN_EMPTY_BODY = YES;
				CLANG_WARN_ENUM_CONVERSION = YES;
				CLANG_WARN_INFINITE_RECURSION = YES;
				CLANG_WARN_INT_CONVERSION = YES;
				CLANG_WARN_OBJC_ROOT_CLASS = YES_ERROR;
				CLANG_WARN_SUSPICIOUS_MOVE = YES;
				CLANG_WARN_UNREACHABLE_CODE = YES;
				CLANG_WARN__DUPLICATE_METHOD_MATCH = YES;
				"CODE_SIGN_IDENTITY[sdk=iphoneos*]" = "iPhone Developer";
				COPY_PHASE_STRIP = NO;
				DEBUG_INFORMATION_FORMAT = "dwarf-with-dsym";
				ENABLE_NS_ASSERTIONS = NO;
				ENABLE_STRICT_OBJC_MSGSEND = YES;
				GCC_C_LANGUAGE_STANDARD = gnu99;
				GCC_NO_COMMON_BLOCKS = YES;
				GCC_WARN_64_TO_32_BIT_CONVERSION = YES;
				GCC_WARN_ABOUT_RETURN_TYPE = YES_ERROR;
				GCC_WARN_UNDECLARED_SELECTOR = YES;
				GCC_WARN_UNINITIALIZED_AUTOS = YES_AGGRESSIVE;
				GCC_WARN_UNUSED_FUNCTION = YES;
				GCC_WARN_UNUSED_VARIABLE = YES;
				IPHONEOS_DEPLOYMENT_TARGET = 10.2;
				MTL_ENABLE_DEBUG_INFO = NO;
				SDKROOT = iphoneos;
				SWIFT_OPTIMIZATION_LEVEL = "-Owholemodule";
				VALIDATE_PRODUCT = YES;
			};
			name = Release;
		};
		B4A348341ECBA69300322B98 /* Debug */ = {
			isa = XCBuildConfiguration;
			buildSettings = {
				ASSETCATALOG_COMPILER_APPICON_NAME = AppIcon;
				DEVELOPMENT_TEAM = 4XQSAD3UT9;
				INFOPLIST_FILE = todo/Info.plist;
				LD_RUNPATH_SEARCH_PATHS = "$(inherited) @executable_path/Frameworks";
				PRODUCT_BUNDLE_IDENTIFIER = ninja.markmiranda.todo;
				PRODUCT_NAME = "$(TARGET_NAME)";
				SWIFT_VERSION = 3.0;
			};
			name = Debug;
		};
		B4A348351ECBA69300322B98 /* Release */ = {
			isa = XCBuildConfiguration;
			buildSettings = {
				ASSETCATALOG_COMPILER_APPICON_NAME = AppIcon;
				DEVELOPMENT_TEAM = 4XQSAD3UT9;
				INFOPLIST_FILE = todo/Info.plist;
				LD_RUNPATH_SEARCH_PATHS = "$(inherited) @executable_path/Frameworks";
				PRODUCT_BUNDLE_IDENTIFIER = ninja.markmiranda.todo;
				PRODUCT_NAME = "$(TARGET_NAME)";
				SWIFT_VERSION = 3.0;
			};
			name = Release;
		};
/* End XCBuildConfiguration section */

/* Begin XCConfigurationList section */
		B4A348191ECBA69200322B98 /* Build configuration list for PBXProject "todo" */ = {
			isa = XCConfigurationList;
			buildConfigurations = (
				B4A348311ECBA69300322B98 /* Debug */,
				B4A348321ECBA69300322B98 /* Release */,
			);
			defaultConfigurationIsVisible = 0;
			defaultConfigurationName = Release;
		};
		B4A348331ECBA69300322B98 /* Build configuration list for PBXNativeTarget "todo" */ = {
			isa = XCConfigurationList;
			buildConfigurations = (
				B4A348341ECBA69300322B98 /* Debug */,
				B4A348351ECBA69300322B98 /* Release */,
			);
			defaultConfigurationIsVisible = 0;
		};
/* End XCConfigurationList section */

/* Begin XCVersionGroup section */
		B4A348281ECBA69300322B98 /* todo.xcdatamodeld */ = {
			isa = XCVersionGroup;
			children = (
				B4A348291ECBA69300322B98 /* todo.xcdatamodel */,
			);
			currentVersion = B4A348291ECBA69300322B98 /* todo.xcdatamodel */;
			path = todo.xcdatamodeld;
			sourceTree = "<group>";
			versionGroupType = wrapper.xcdatamodel;
		};
/* End XCVersionGroup section */
	};
	rootObject = B4A348161ECBA69200322B98 /* Project object */;
}
